{
  "requires": true,
  "lockfileVersion": 1,
  "dependencies": {
    "@babel/runtime": {
      "version": "7.18.3",
      "resolved": "https://registry.npmmirror.com/@babel/runtime/-/runtime-7.18.3.tgz",
      "integrity": "sha512-38Y8f7YUhce/K7RMwTp7m0uCumpv9hZkitCbBClqQIow1qSbCvGkcegKOXpEWCQLfWmevgRiWokZ1GkpfhbZug==",
      "requires": {
        "regenerator-runtime": "^0.13.4"
      }
    },
    "@transloadit/prettier-bytes": {
      "version": "0.0.7",
      "resolved": "https://registry.npmmirror.com/@transloadit/prettier-bytes/-/prettier-bytes-0.0.7.tgz",
      "integrity": "sha512-VeJbUb0wEKbcwaSlj5n+LscBl9IPgLPkHVGBkh00cztv6X4L/TJXK58LzFuBKX7/GAfiGhIwH67YTLTlzvIzBA=="
    },
    "@types/event-emitter": {
      "version": "0.3.3",
      "resolved": "https://registry.npmmirror.com/@types/event-emitter/-/event-emitter-0.3.3.tgz",
      "integrity": "sha512-UfnOK1pIxO7P+EgPRZXD9jMpimd8QEFcEZ5R67R1UhGbv4zghU5+NE7U8M8G9H5Jc8FI51rqDWQs6FtUfq2e/Q=="
    },
    "@uppy/companion-client": {
      "version": "2.2.1",
      "resolved": "https://registry.npmmirror.com/@uppy/companion-client/-/companion-client-2.2.1.tgz",
      "integrity": "sha512-Y3E10NJLMfp/wjgthNhx3gJtT67fzFCPNPFwpNNRs5iJsW6PANhJ420eyMUFzfmEZ56ZzGYxr5pzJZx8YxHICQ==",
      "requires": {
        "@uppy/utils": "^4.1.0",
        "namespace-emitter": "^2.0.1"
      }
    },
    "@uppy/core": {
      "version": "2.3.1",
      "resolved": "https://registry.npmmirror.com/@uppy/core/-/core-2.3.1.tgz",
      "integrity": "sha512-KV04X7ueYbYX1p37/i3QsoQSw8IDP8Yb+Bh9KNN0X2Vcun6K2VnNjhVtPmPXtyjDZooK7lVIqhRX8TZWcSfgSQ==",
      "requires": {
        "@transloadit/prettier-bytes": "0.0.7",
        "@uppy/store-default": "^2.1.0",
        "@uppy/utils": "^4.1.0",
        "lodash.throttle": "^4.1.1",
        "mime-match": "^1.0.2",
        "namespace-emitter": "^2.0.1",
        "nanoid": "^3.1.25",
        "preact": "^10.5.13"
      }
    },
    "@uppy/store-default": {
      "version": "2.1.0",
      "resolved": "https://registry.npmmirror.com/@uppy/store-default/-/store-default-2.1.0.tgz",
      "integrity": "sha512-BkcR1wGw6Kwbvr8m1tKF9EDDWSTJoTGnVseBF/iW4bzR22assbtxZIE1iroo68UMqYEG4rv63SX4BUEtNvVjdA=="
    },
    "@uppy/utils": {
      "version": "4.1.0",
      "resolved": "https://registry.npmmirror.com/@uppy/utils/-/utils-4.1.0.tgz",
      "integrity": "sha512-C47DUl4uLzmQZdW+VmetIgGRurXuPsvb+/pyYqh9DJn0Phep8u7AOj/tlJA5CHv4pefNHsFjXpaWfSUG3HtW3A==",
      "requires": {
        "lodash.throttle": "^4.1.1"
      }
    },
    "@uppy/xhr-upload": {
      "version": "2.1.2",
      "resolved": "https://registry.npmmirror.com/@uppy/xhr-upload/-/xhr-upload-2.1.2.tgz",
      "integrity": "sha512-VCsb7J5yHsof49nnUa+Y1n27UMtqHPttQmmoCa5hmjqa9R7ZISpBkXKOQmZo526eopKNuAKSAdkHWfCm8efJTA==",
      "requires": {
        "@uppy/companion-client": "^2.2.1",
        "@uppy/utils": "^4.1.0",
        "nanoid": "^3.1.25"
      }
    },
    "@wangeditor/basic-modules": {
      "version": "1.1.1",
      "resolved": "https://registry.npmmirror.com/@wangeditor/basic-modules/-/basic-modules-1.1.1.tgz",
      "integrity": "sha512-tQl2Pw8M2g3CM+ESx2phzr9zSKeuFCM1AMBoPdnlbatU7Dnae0CsEB/b3C+gI0dIQzM2jh34yTmqgbbhrwuRLg==",
      "requires": {
        "is-url": "^1.2.4"
      }
    },
    "@wangeditor/code-highlight": {
      "version": "1.0.2",
      "resolved": "https://registry.npmmirror.com/@wangeditor/code-highlight/-/code-highlight-1.0.2.tgz",
      "integrity": "sha512-SCtOcUxjKqIso/LSxGSOaYr3G6MC2En0gNTyHIMCG928T0fo0ufaqp/vIXKQzVL2Y+X/CSAOB2EbrFlgGvr0AQ==",
      "requires": {
        "prismjs": "^1.23.0"
      }
    },
    "@wangeditor/core": {
      "version": "1.1.1",
      "resolved": "https://registry.npmmirror.com/@wangeditor/core/-/core-1.1.1.tgz",
      "integrity": "sha512-SrbvOGlONMNMOeFIJI7fC9x0/6T6LvQHTITPCqjgbCm2QF+POcrHzRKGQOqKCsyKi9UJz9hLsjsvJnvP10rxjQ==",
      "requires": {
        "@types/event-emitter": "^0.3.3",
        "event-emitter": "^0.3.5",
        "html-void-elements": "^2.0.0",
        "i18next": "^20.4.0",
        "scroll-into-view-if-needed": "^2.2.28",
        "slate-history": "^0.66.0"
      }
    },
    "@wangeditor/editor": {
      "version": "5.1.1",
      "resolved": "https://registry.npmmirror.com/@wangeditor/editor/-/editor-5.1.1.tgz",
      "integrity": "sha512-BtccuHFm0QvYunIhIu7tllQWkwppkmEkD3OJ5Mn+F0REPQ/Z3HiEXbtlss2t9c/kHO4CtiFwv2XD/k/VEg7taA==",
      "requires": {
        "@uppy/core": "^2.1.1",
        "@uppy/xhr-upload": "^2.0.3",
        "@wangeditor/basic-modules": "^1.1.1",
        "@wangeditor/code-highlight": "^1.0.2",
        "@wangeditor/core": "^1.1.1",
        "@wangeditor/list-module": "^1.0.2",
        "@wangeditor/table-module": "^1.1.0",
        "@wangeditor/upload-image-module": "^1.0.1",
        "@wangeditor/video-module": "^1.1.0",
        "dom7": "^3.0.0",
        "is-hotkey": "^0.2.0",
        "lodash.camelcase": "^4.3.0",
        "lodash.clonedeep": "^4.5.0",
        "lodash.debounce": "^4.0.8",
        "lodash.foreach": "^4.5.0",
        "lodash.isequal": "^4.5.0",
        "lodash.throttle": "^4.1.1",
        "lodash.toarray": "^4.4.0",
        "nanoid": "^3.2.0",
        "slate": "^0.72.0",
        "snabbdom": "^3.1.0"
      }
    },
    "@wangeditor/editor-for-vue": {
      "version": "5.1.11",
      "resolved": "https://registry.npmmirror.com/@wangeditor/editor-for-vue/-/editor-for-vue-5.1.11.tgz",
      "integrity": "sha512-gzo6A9VMWKUVgOTtucNTplb7K1KUvnBoQ76AaB5vmh+9LXv+6jAI4QXADH46PVGwvQJcQ3zqZ/P1pIj/QthjYQ=="
    },
    "@wangeditor/list-module": {
      "version": "1.0.2",
      "resolved": "https://registry.npmmirror.com/@wangeditor/list-module/-/list-module-1.0.2.tgz",
      "integrity": "sha512-VfENZEFvsLTiLxN/cj8cibFGy9NVV+/cfATTiLiH9ef+8lgKv8apttXYVlqIAfnlJLLuCk0cIm8c/zH+hbtrZg=="
    },
    "@wangeditor/table-module": {
      "version": "1.1.0",
      "resolved": "https://registry.npmmirror.com/@wangeditor/table-module/-/table-module-1.1.0.tgz",
      "integrity": "sha512-QpjCXSzsXcsR0pEI5Pu28e8aYh9+lHcVV4TTmGV6lRGE/etQF3PHUZNGUlfhkCgmGPq+E7n/Whb4RpAM3PJVhw=="
    },
    "@wangeditor/upload-image-module": {
      "version": "1.0.1",
      "resolved": "https://registry.npmmirror.com/@wangeditor/upload-image-module/-/upload-image-module-1.0.1.tgz",
      "integrity": "sha512-vgUV4ENttTITblqtVuzleIq732OmzmzzgrIvX6b3GRGPSw5u8glJ/87tOEhvHjHECc4oFo18B7xzJ1GpBj79/w=="
    },
    "@wangeditor/video-module": {
      "version": "1.1.0",
      "resolved": "https://registry.npmmirror.com/@wangeditor/video-module/-/video-module-1.1.0.tgz",
      "integrity": "sha512-VR6x7Vk9ebvXtxCPwobiNiTGZGgqEzCVc6ViWlNH3v4jlDIeo/s7N7OCgpvELR7X/X7GHecBu7wySDkHIskB5w=="
    },
    "compute-scroll-into-view": {
      "version": "1.0.17",
      "resolved": "https://registry.npmmirror.com/compute-scroll-into-view/-/compute-scroll-into-view-1.0.17.tgz",
      "integrity": "sha512-j4dx+Fb0URmzbwwMUrhqWM2BEWHdFGx+qZ9qqASHRPqvTYdqvWnHg0H1hIbcyLnvgnoNAVMlwkepyqM3DaIFUg=="
    },
    "d": {
      "version": "1.0.1",
      "resolved": "https://registry.npmmirror.com/d/-/d-1.0.1.tgz",
      "integrity": "sha512-m62ShEObQ39CfralilEQRjH6oAMtNCV1xJyEx5LpRYUVN+EviphDgUc/F3hnYbADmkiNs67Y+3ylmlG7Lnu+FA==",
      "requires": {
        "es5-ext": "^0.10.50",
        "type": "^1.0.1"
      }
    },
    "dom7": {
      "version": "3.0.0",
      "resolved": "https://registry.npmmirror.com/dom7/-/dom7-3.0.0.tgz",
      "integrity": "sha512-oNlcUdHsC4zb7Msx7JN3K0Nro1dzJ48knvBOnDPKJ2GV9wl1i5vydJZUSyOfrkKFDZEud/jBsTk92S/VGSAe/g==",
      "requires": {
        "ssr-window": "^3.0.0-alpha.1"
      }
    },
    "es5-ext": {
      "version": "0.10.61",
      "resolved": "https://registry.npmmirror.com/es5-ext/-/es5-ext-0.10.61.tgz",
      "integrity": "sha512-yFhIqQAzu2Ca2I4SE2Au3rxVfmohU9Y7wqGR+s7+H7krk26NXhIRAZDgqd6xqjCEFUomDEA3/Bo/7fKmIkW1kA==",
      "requires": {
        "es6-iterator": "^2.0.3",
        "es6-symbol": "^3.1.3",
        "next-tick": "^1.1.0"
      }
    },
    "es6-iterator": {
      "version": "2.0.3",
      "resolved": "https://registry.npmmirror.com/es6-iterator/-/es6-iterator-2.0.3.tgz",
      "integrity": "sha512-zw4SRzoUkd+cl+ZoE15A9o1oQd920Bb0iOJMQkQhl3jNc03YqVjAhG7scf9C5KWRU/R13Orf588uCC6525o02g==",
      "requires": {
        "d": "1",
        "es5-ext": "^0.10.35",
        "es6-symbol": "^3.1.1"
      }
    },
    "es6-symbol": {
      "version": "3.1.3",
      "resolved": "https://registry.npmmirror.com/es6-symbol/-/es6-symbol-3.1.3.tgz",
      "integrity": "sha512-NJ6Yn3FuDinBaBRWl/q5X/s4koRHBrgKAu+yGI6JCBeiu3qrcbJhwT2GeR/EXVfylRk8dpQVJoLEFhK+Mu31NA==",
      "requires": {
        "d": "^1.0.1",
        "ext": "^1.1.2"
      }
    },
    "event-emitter": {
      "version": "0.3.5",
      "resolved": "https://registry.npmmirror.com/event-emitter/-/event-emitter-0.3.5.tgz",
      "integrity": "sha512-D9rRn9y7kLPnJ+hMq7S/nhvoKwwvVJahBi2BPmx3bvbsEdK3W9ii8cBSGjP+72/LnM4n6fo3+dkCX5FeTQruXA==",
      "requires": {
        "d": "1",
        "es5-ext": "~0.10.14"
      }
    },
    "ext": {
      "version": "1.6.0",
      "resolved": "https://registry.npmmirror.com/ext/-/ext-1.6.0.tgz",
      "integrity": "sha512-sdBImtzkq2HpkdRLtlLWDa6w4DX22ijZLKx8BMPUuKe1c5lbN6xwQDQCxSfxBQnHZ13ls/FH0MQZx/q/gr6FQg==",
      "requires": {
        "type": "^2.5.0"
      },
      "dependencies": {
        "type": {
          "version": "2.6.0",
          "resolved": "https://registry.npmmirror.com/type/-/type-2.6.0.tgz",
          "integrity": "sha512-eiDBDOmkih5pMbo9OqsqPRGMljLodLcwd5XD5JbtNB0o89xZAwynY9EdCDsJU7LtcVCClu9DvM7/0Ep1hYX3EQ=="
        }
      }
    },
    "html-void-elements": {
      "version": "2.0.1",
      "resolved": "https://registry.npmmirror.com/html-void-elements/-/html-void-elements-2.0.1.tgz",
      "integrity": "sha512-0quDb7s97CfemeJAnW9wC0hw78MtW7NU3hqtCD75g2vFlDLt36llsYD7uB7SUzojLMP24N5IatXf7ylGXiGG9A=="
    },
    "i18next": {
      "version": "20.6.1",
      "resolved": "https://registry.npmmirror.com/i18next/-/i18next-20.6.1.tgz",
      "integrity": "sha512-yCMYTMEJ9ihCwEQQ3phLo7I/Pwycf8uAx+sRHwwk5U9Aui/IZYgQRyMqXafQOw5QQ7DM1Z+WyEXWIqSuJHhG2A==",
      "requires": {
        "@babel/runtime": "^7.12.0"
      }
    },
    "immer": {
      "version": "9.0.14",
      "resolved": "https://registry.npmmirror.com/immer/-/immer-9.0.14.tgz",
      "integrity": "sha512-ubBeqQutOSLIFCUBN03jGeOS6a3DoYlSYwYJTa+gSKEZKU5redJIqkIdZ3JVv/4RZpfcXdAWH5zCNLWPRv2WDw=="
    },
    "is-hotkey": {
      "version": "0.2.0",
      "resolved": "https://registry.npmmirror.com/is-hotkey/-/is-hotkey-0.2.0.tgz",
      "integrity": "sha512-UknnZK4RakDmTgz4PI1wIph5yxSs/mvChWs9ifnlXsKuXgWmOkY/hAE0H/k2MIqH0RlRye0i1oC07MCRSD28Mw=="
    },
    "is-plain-object": {
      "version": "5.0.0",
      "resolved": "https://registry.npmmirror.com/is-plain-object/-/is-plain-object-5.0.0.tgz",
      "integrity": "sha512-VRSzKkbMm5jMDoKLbltAkFQ5Qr7VDiTFGXxYFXXowVj387GeGNOCsOH6Msy00SGZ3Fp84b1Naa1psqgcCIEP5Q=="
    },
    "is-url": {
      "version": "1.2.4",
      "resolved": "https://registry.npmmirror.com/is-url/-/is-url-1.2.4.tgz",
      "integrity": "sha512-ITvGim8FhRiYe4IQ5uHSkj7pVaPDrCTkNd3yq3cV7iZAcJdHTUMPMEHcqSOy9xZ9qFenQCvi+2wjH9a1nXqHww=="
    },
    "lodash.camelcase": {
      "version": "4.3.0",
      "resolved": "https://registry.npmmirror.com/lodash.camelcase/-/lodash.camelcase-4.3.0.tgz",
      "integrity": "sha512-TwuEnCnxbc3rAvhf/LbG7tJUDzhqXyFnv3dtzLOPgCG/hODL7WFnsbwktkD7yUV0RrreP/l1PALq/YSg6VvjlA=="
    },
    "lodash.clonedeep": {
      "version": "4.5.0",
      "resolved": "https://registry.npmmirror.com/lodash.clonedeep/-/lodash.clonedeep-4.5.0.tgz",
      "integrity": "sha512-H5ZhCF25riFd9uB5UCkVKo61m3S/xZk1x4wA6yp/L3RFP6Z/eHH1ymQcGLo7J3GMPfm0V/7m1tryHuGVxpqEBQ=="
    },
    "lodash.debounce": {
      "version": "4.0.8",
      "resolved": "https://registry.npmmirror.com/lodash.debounce/-/lodash.debounce-4.0.8.tgz",
      "integrity": "sha512-FT1yDzDYEoYWhnSGnpE/4Kj1fLZkDFyqRb7fNt6FdYOSxlUWAtp42Eh6Wb0rGIv/m9Bgo7x4GhQbm5Ys4SG5ow=="
    },
    "lodash.foreach": {
      "version": "4.5.0",
      "resolved": "https://registry.npmmirror.com/lodash.foreach/-/lodash.foreach-4.5.0.tgz",
      "integrity": "sha512-aEXTF4d+m05rVOAUG3z4vZZ4xVexLKZGF0lIxuHZ1Hplpk/3B6Z1+/ICICYRLm7c41Z2xiejbkCkJoTlypoXhQ=="
    },
    "lodash.isequal": {
      "version": "4.5.0",
      "resolved": "https://registry.npmmirror.com/lodash.isequal/-/lodash.isequal-4.5.0.tgz",
      "integrity": "sha512-pDo3lu8Jhfjqls6GkMgpahsF9kCyayhgykjyLMNFTKWrpVdAQtYyB4muAMWozBB4ig/dtWAmsMxLEI8wuz+DYQ=="
    },
    "lodash.throttle": {
      "version": "4.1.1",
      "resolved": "https://registry.npmmirror.com/lodash.throttle/-/lodash.throttle-4.1.1.tgz",
      "integrity": "sha512-wIkUCfVKpVsWo3JSZlc+8MB5it+2AN5W8J7YVMST30UrvcQNZ1Okbj+rbVniijTWE6FGYy4XJq/rHkas8qJMLQ=="
    },
    "lodash.toarray": {
      "version": "4.4.0",
      "resolved": "https://registry.npmmirror.com/lodash.toarray/-/lodash.toarray-4.4.0.tgz",
      "integrity": "sha512-QyffEA3i5dma5q2490+SgCvDN0pXLmRGSyAANuVi0HQ01Pkfr9fuoKQW8wm1wGBnJITs/mS7wQvS6VshUEBFCw=="
    },
    "mime-match": {
      "version": "1.0.2",
      "resolved": "https://registry.npmmirror.com/mime-match/-/mime-match-1.0.2.tgz",
      "integrity": "sha512-VXp/ugGDVh3eCLOBCiHZMYWQaTNUHv2IJrut+yXA6+JbLPXHglHwfS/5A5L0ll+jkCY7fIzRJcH6OIunF+c6Cg==",
      "requires": {
        "wildcard": "^1.1.0"
      }
    },
    "namespace-emitter": {
      "version": "2.0.1",
      "resolved": "https://registry.npmmirror.com/namespace-emitter/-/namespace-emitter-2.0.1.tgz",
      "integrity": "sha512-N/sMKHniSDJBjfrkbS/tpkPj4RAbvW3mr8UAzvlMHyun93XEm83IAvhWtJVHo+RHn/oO8Job5YN4b+wRjSVp5g=="
    },
    "nanoid": {
      "version": "3.3.4",
      "resolved": "https://registry.npmmirror.com/nanoid/-/nanoid-3.3.4.tgz",
      "integrity": "sha512-MqBkQh/OHTS2egovRtLk45wEyNXwF+cokD+1YPf9u5VfJiRdAiRwB2froX5Co9Rh20xs4siNPm8naNotSD6RBw=="
    },
    "next-tick": {
      "version": "1.1.0",
      "resolved": "https://registry.npmmirror.com/next-tick/-/next-tick-1.1.0.tgz",
      "integrity": "sha512-CXdUiJembsNjuToQvxayPZF9Vqht7hewsvy2sOWafLvi2awflj9mOC6bHIg50orX8IJvWKY9wYQ/zB2kogPslQ=="
    },
    "preact": {
      "version": "10.7.3",
      "resolved": "https://registry.npmmirror.com/preact/-/preact-10.7.3.tgz",
      "integrity": "sha512-giqJXP8VbtA1tyGa3f1n9wiN7PrHtONrDyE3T+ifjr/tTkg+2N4d/6sjC9WyJKv8wM7rOYDveqy5ZoFmYlwo4w=="
    },
    "prismjs": {
      "version": "1.28.0",
      "resolved": "https://registry.npmmirror.com/prismjs/-/prismjs-1.28.0.tgz",
      "integrity": "sha512-8aaXdYvl1F7iC7Xm1spqSaY/OJBpYW3v+KJ+F17iYxvdc8sfjW194COK5wVhMZX45tGteiBQgdvD/nhxcRwylw=="
    },
    "regenerator-runtime": {
      "version": "0.13.9",
      "resolved": "https://registry.npmmirror.com/regenerator-runtime/-/regenerator-runtime-0.13.9.tgz",
      "integrity": "sha512-p3VT+cOEgxFsRRA9X4lkI1E+k2/CtnKtU4gcxyaCUreilL/vqI6CdZ3wxVUx3UOUg+gnUOQQcRI7BmSI656MYA=="
    },
    "scroll-into-view-if-needed": {
      "version": "2.2.29",
      "resolved": "https://registry.npmmirror.com/scroll-into-view-if-needed/-/scroll-into-view-if-needed-2.2.29.tgz",
      "integrity": "sha512-hxpAR6AN+Gh53AdAimHM6C8oTN1ppwVZITihix+WqalywBeFcQ6LdQP5ABNl26nX8GTEL7VT+b8lKpdqq65wXg==",
      "requires": {
        "compute-scroll-into-view": "^1.0.17"
      }
    },
    "slate": {
      "version": "0.72.8",
      "resolved": "https://registry.npmmirror.com/slate/-/slate-0.72.8.tgz",
      "integrity": "sha512-/nJwTswQgnRurpK+bGJFH1oM7naD5qDmHd89JyiKNT2oOKD8marW0QSBtuFnwEbL5aGCS8AmrhXQgNOsn4osAw==",
      "requires": {
        "immer": "^9.0.6",
        "is-plain-object": "^5.0.0",
        "tiny-warning": "^1.0.3"
      }
    },
    "slate-history": {
      "version": "0.66.0",
      "resolved": "https://registry.npmmirror.com/slate-history/-/slate-history-0.66.0.tgz",
      "integrity": "sha512-6MWpxGQZiMvSINlCbMW43E2YBSVMCMCIwQfBzGssjWw4kb0qfvj0pIdblWNRQZD0hR6WHP+dHHgGSeVdMWzfng==",
      "requires": {
        "is-plain-object": "^5.0.0"
      }
    },
    "snabbdom": {
      "version": "3.5.0",
      "resolved": "https://registry.npmmirror.com/snabbdom/-/snabbdom-3.5.0.tgz",
      "integrity": "sha512-Ff5BKG18KrrPuskHJlA9aujPHqEabItaDl96l7ZZndF4zt5AYSczz7ZjjgQAX5IBd5cd25lw9NfgX21yVUJ+9g=="
    },
    "ssr-window": {
      "version": "3.0.0",
      "resolved": "https://registry.npmmirror.com/ssr-window/-/ssr-window-3.0.0.tgz",
      "integrity": "sha512-q+8UfWDg9Itrg0yWK7oe5p/XRCJpJF9OBtXfOPgSJl+u3Xd5KI328RUEvUqSMVM9CiQUEf1QdBzJMkYGErj9QA=="
    },
    "tiny-warning": {
      "version": "1.0.3",
      "resolved": "https://registry.npmmirror.com/tiny-warning/-/tiny-warning-1.0.3.tgz",
      "integrity": "sha512-lBN9zLN/oAf68o3zNXYrdCt1kP8WsiGW8Oo2ka41b2IM5JL/S1CTyX1rW0mb/zSuJun0ZUrDxx4sqvYS2FWzPA=="
    },
    "type": {
      "version": "1.2.0",
      "resolved": "https://registry.npmmirror.com/type/-/type-1.2.0.tgz",
      "integrity": "sha512-+5nt5AAniqsCnu2cEQQdpzCAh33kVx8n0VoFidKpB1dVVLAN/F+bgVOqOJqOnEnrhp222clB5p3vUlD+1QAnfg=="
    },
    "wildcard": {
      "version": "1.1.2",
      "resolved": "https://registry.npmmirror.com/wildcard/-/wildcard-1.1.2.tgz",
      "integrity": "sha512-DXukZJxpHA8LuotRwL0pP1+rS6CS7FF2qStDDE1C7DDg2rLud2PXRMuEDYIPhgEezwnlHNL4c+N6MfMTjCGTng=="
    }
  }
}
